
Microsoft Visual Studio Solution File, Format Version 12.00
# Visual Studio 15
VisualStudioVersion = 15.0.28010.2003
MinimumVisualStudioVersion = 10.0.40219.1
Project("{FAE04EC0-301F-11D3-BF4B-00C04F79EFBC}") = "Atividade 01 - 01", "Atividade 01 - 01\Atividade 01 - 01.csproj", "{C3DFA48D-ED62-450D-BC78-5876D016BBEF}"
EndProject
Global
	GlobalSection(SolutionConfigurationPlatforms) = preSolution
		Debug|Any CPU = Debug|Any CPU
		Release|Any CPU = Release|Any CPU
	EndGlobalSection
	GlobalSection(ProjectConfigurationPlatforms) = postSolution
		{C3DFA48D-ED62-450D-BC78-5876D016BBEF}.Debug|Any CPU.ActiveCfg = Debug|Any CPU
		{C3DFA48D-ED62-450D-BC78-5876D016BBEF}.Debug|Any CPU.Build.0 = Debug|Any CPU
		{C3DFA48D-ED62-450D-BC78-5876D016BBEF}.Release|Any CPU.ActiveCfg = Release|Any CPU
		{C3DFA48D-ED62-450D-BC78-5876D016BBEF}.Release|Any CPU.Build.0 = Release|Any CPU
	EndGlobalSection
	GlobalSection(SolutionProperties) = preSolution
		HideSolutionNode = FALSE
	EndGlobalSection
	GlobalSection(ExtensibilityGlobals) = postSolution
		SolutionGuid = {B1EE385B-7A2B-400C-AA34-4B9D451918C4}
	EndGlobalSection
EndGlobal
